
Microsoft Visual Studio Solution File, Format Version 12.00
# Visual Studio Version 17
VisualStudioVersion = 17.0.32014.148
MinimumVisualStudioVersion = 10.0.40219.1
Project("{FAE04EC0-301F-11D3-BF4B-00C04F79EFBC}") = "WpfApp1", "WpfApp1\WpfApp1.csproj", "{71EDF66E-32A7-4FFA-966D-BDC5B2501335}"
EndProject
Global
	GlobalSection(SolutionConfigurationPlatforms) = preSolution
		Debug|Any CPU = Debug|Any CPU
		Release|Any CPU = Release|Any CPU
	EndGlobalSection
	GlobalSection(ProjectConfigurationPlatforms) = postSolution
		{71EDF66E-32A7-4FFA-966D-BDC5B2501335}.Debug|Any CPU.ActiveCfg = Debug|Any CPU
		{71EDF66E-32A7-4FFA-966D-BDC5B2501335}.Debug|Any CPU.Build.0 = Debug|Any CPU
		{71EDF66E-32A7-4FFA-966D-BDC5B2501335}.Release|Any CPU.ActiveCfg = Release|Any CPU
		{71EDF66E-32A7-4FFA-966D-BDC5B2501335}.Release|Any CPU.Build.0 = Release|Any CPU
	EndGlobalSection
	GlobalSection(SolutionProperties) = preSolution
		HideSolutionNode = FALSE
	EndGlobalSection
	GlobalSection(ExtensibilityGlobals) = postSolution
		SolutionGuid = {DE94295A-B26A-4540-91E9-ECC7AD25AA08}
	EndGlobalSection
EndGlobal
